
Microsoft Visual Studio Solution File, Format Version 12.00
# Visual Studio Version 17
VisualStudioVersion = 17.6.33829.357
MinimumVisualStudioVersion = 10.0.40219.1
Project("{9A19103F-16F7-4668-BE54-9A1E7A4F7556}") = "Soncoord.Bot", "Soncoord.Bot\Soncoord.Bot.csproj", "{B07659C1-64DF-4414-B72D-40368BA49301}"
EndProject
Project("{9A19103F-16F7-4668-BE54-9A1E7A4F7556}") = "Soncoord.Web", "Soncoord.Web\Soncoord.Web.csproj", "{9CEB7611-64B9-4F43-9E1F-3BD8278A2A97}"
EndProject
Project("{9A19103F-16F7-4668-BE54-9A1E7A4F7556}") = "Soncoord.Infrastructure", "Soncoord.Infrastructure\Soncoord.Infrastructure.csproj", "{0E6C9EBA-88C9-4D1B-9218-632D11A470FF}"
EndProject
Project("{FAE04EC0-301F-11D3-BF4B-00C04F79EFBC}") = "Soncoord.Business", "Soncoord.Business\Soncoord.Business.csproj", "{313FC50A-16EC-4CAB-99C2-87BE5B1CDD3C}"
EndProject
Global
	GlobalSection(SolutionConfigurationPlatforms) = preSolution
		Debug|Any CPU = Debug|Any CPU
		Release|Any CPU = Release|Any CPU
	EndGlobalSection
	GlobalSection(ProjectConfigurationPlatforms) = postSolution
		{B07659C1-64DF-4414-B72D-40368BA49301}.Debug|Any CPU.ActiveCfg = Debug|Any CPU
		{B07659C1-64DF-4414-B72D-40368BA49301}.Debug|Any CPU.Build.0 = Debug|Any CPU
		{B07659C1-64DF-4414-B72D-40368BA49301}.Release|Any CPU.ActiveCfg = Release|Any CPU
		{B07659C1-64DF-4414-B72D-40368BA49301}.Release|Any CPU.Build.0 = Release|Any CPU
		{9CEB7611-64B9-4F43-9E1F-3BD8278A2A97}.Debug|Any CPU.ActiveCfg = Debug|Any CPU
		{9CEB7611-64B9-4F43-9E1F-3BD8278A2A97}.Debug|Any CPU.Build.0 = Debug|Any CPU
		{9CEB7611-64B9-4F43-9E1F-3BD8278A2A97}.Release|Any CPU.ActiveCfg = Release|Any CPU
		{9CEB7611-64B9-4F43-9E1F-3BD8278A2A97}.Release|Any CPU.Build.0 = Release|Any CPU
		{0E6C9EBA-88C9-4D1B-9218-632D11A470FF}.Debug|Any CPU.ActiveCfg = Debug|Any CPU
		{0E6C9EBA-88C9-4D1B-9218-632D11A470FF}.Debug|Any CPU.Build.0 = Debug|Any CPU
		{0E6C9EBA-88C9-4D1B-9218-632D11A470FF}.Release|Any CPU.ActiveCfg = Release|Any CPU
		{0E6C9EBA-88C9-4D1B-9218-632D11A470FF}.Release|Any CPU.Build.0 = Release|Any CPU
		{313FC50A-16EC-4CAB-99C2-87BE5B1CDD3C}.Debug|Any CPU.ActiveCfg = Debug|Any CPU
		{313FC50A-16EC-4CAB-99C2-87BE5B1CDD3C}.Debug|Any CPU.Build.0 = Debug|Any CPU
		{313FC50A-16EC-4CAB-99C2-87BE5B1CDD3C}.Release|Any CPU.ActiveCfg = Release|Any CPU
		{313FC50A-16EC-4CAB-99C2-87BE5B1CDD3C}.Release|Any CPU.Build.0 = Release|Any CPU
	EndGlobalSection
	GlobalSection(SolutionProperties) = preSolution
		HideSolutionNode = FALSE
	EndGlobalSection
	GlobalSection(ExtensibilityGlobals) = postSolution
		SolutionGuid = {A0723C3D-90FF-4ACB-A9EC-3DEF17A538BA}
	EndGlobalSection
EndGlobal
